
Microsoft Visual Studio Solution File, Format Version 12.00
# Visual Studio 15
Project("{FAE04EC0-301F-11D3-BF4B-00C04F79EFBC}") = "Assembly-CSharp", "Assembly-CSharp.csproj", "{EB71816C-928A-AA71-92D7-73421377B718}"
EndProject
Global
	GlobalSection(SolutionConfigurationPlatforms) = preSolution
		Debug|Any CPU = Debug|Any CPU
		Release|Any CPU = Release|Any CPU
	EndGlobalSection
	GlobalSection(ProjectConfigurationPlatforms) = postSolution
		{EB71816C-928A-AA71-92D7-73421377B718}.Debug|Any CPU.ActiveCfg = Debug|Any CPU
		{EB71816C-928A-AA71-92D7-73421377B718}.Debug|Any CPU.Build.0 = Debug|Any CPU
		{EB71816C-928A-AA71-92D7-73421377B718}.Release|Any CPU.ActiveCfg = Release|Any CPU
		{EB71816C-928A-AA71-92D7-73421377B718}.Release|Any CPU.Build.0 = Release|Any CPU
	EndGlobalSection
	GlobalSection(SolutionProperties) = preSolution
		HideSolutionNode = FALSE
	EndGlobalSection
EndGlobal
